// !$*UTF8*$!
{
	archiveVersion = 1;
	classes = {
	};
	objectVersion = 77;
	objects = {

/* Begin PBXContainerItemProxy section */
		43903B612EBDA242000F25C3 /* PBXContainerItemProxy */ = {
			isa = PBXContainerItemProxy;
			containerPortal = 43903B472EBDA240000F25C3 /* Project object */;
			proxyType = 1;
			remoteGlobalIDString = 43903B4E2EBDA240000F25C3;
			remoteInfo = QuickNotes;
		};
		43903B6B2EBDA242000F25C3 /* PBXContainerItemProxy */ = {
			isa = PBXContainerItemProxy;
			containerPortal = 43903B472EBDA240000F25C3 /* Project object */;
			proxyType = 1;
			remoteGlobalIDString = 43903B4E2EBDA240000F25C3;
			remoteInfo = QuickNotes;
		};
/* End PBXContainerItemProxy section */

/* Begin PBXFileReference section */
		43903B4F2EBDA240000F25C3 /* QuickNotes.app */ = {isa = PBXFileReference; explicitFileType = wrapper.application; includeInIndex = 0; path = QuickNotes.app; sourceTree = BUILT_PRODUCTS_DIR; };
		43903B602EBDA242000F25C3 /* QuickNotesTests.xctest */ = {isa = PBXFileReference; explicitFileType = wrapper.cfbundle; includeInIndex = 0; path = QuickNotesTests.xctest; sourceTree = BUILT_PRODUCTS_DIR; };
		43903B6A2EBDA242000F25C3 /* QuickNotesUITests.xctest */ = {isa = PBXFileReference; explicitFileType = wrapper.cfbundle; includeInIndex = 0; path = QuickNotesUITests.xctest; sourceTree = BUILT_PRODUCTS_DIR; };
/* End PBXFileReference section */

/* Begin PBXFileSystemSynchronizedRootGroup section */
		43903B512EBDA240000F25C3 /* QuickNotes */ = {
			isa = PBXFileSystemSynchronizedRootGroup;
			path = QuickNotes;
			sourceTree = "<group>";
		};
		43903B632EBDA242000F25C3 /* QuickNotesTests */ = {
			isa = PBXFileSystemSynchronizedRootGroup;
			path = QuickNotesTests;
			sourceTree = "<group>";
		};
		43903B6D2EBDA242000F25C3 /* QuickNotesUITests */ = {
			isa = PBXFileSystemSynchronizedRootGroup;
			path = QuickNotesUITests;
			sourceTree = "<group>";
		};
/* End PBXFileSystemSynchronizedRootGroup section */

/* Begin PBXFrameworksBuildPhase section */
		43903B4C2EBDA240000F25C3 /* Frameworks */ = {
			isa = PBXFrameworksBuildPhase;
			buildActionMask = 2147483647;
			files = (
			);
			runOnlyForDeploymentPostprocessing = 0;
		};
		43903B5D2EBDA242000F25C3 /* Frameworks */ = {
			isa = PBXFrameworksBuildPhase;
			buildActionMask = 2147483647;
			files = (
			);
			runOnlyForDeploymentPostprocessing = 0;
		};
		43903B672EBDA242000F25C3 /* Frameworks */ = {
			isa = PBXFrameworksBuildPhase;
			buildActionMask = 2147483647;
			files = (
			);
			runOnlyForDeploymentPostprocessing = 0;
		};
/* End PBXFrameworksBuildPhase section */

/* Begin PBXGroup section */
		43903B462EBDA240000F25C3 = {
			isa = PBXGroup;
			children = (
				43903B512EBDA240000F25C3 /* QuickNotes */,
				43903B632EBDA242000F25C3 /* QuickNotesTests */,
				43903B6D2EBDA242000F25C3 /* QuickNotesUITests */,
				43903B502EBDA240000F25C3 /* Products */,
			);
			sourceTree = "<group>";
		};
		43903B502EBDA240000F25C3 /* Products */ = {
			isa = PBXGroup;
			children = (
				43903B4F2EBDA240000F25C3 /* QuickNotes.app */,
				43903B602EBDA242000F25C3 /* QuickNotesTests.xctest */,
				43903B6A2EBDA242000F25C3 /* QuickNotesUITests.xctest */,
			);
			name = Products;
			sourceTree = "<group>";
		};
/* End PBXGroup section */

/* Begin PBXNativeTarget section */
		43903B4E2EBDA240000F25C3 /* QuickNotes */ = {
			isa = PBXNativeTarget;
			buildConfigurationList = 43903B742EBDA242000F25C3 /* Build configuration list for PBXNativeTarget "QuickNotes" */;
			buildPhases = (
				43903B4B2EBDA240000F25C3 /* Sources */,
				43903B4C2EBDA240000F25C3 /* Frameworks */,
				43903B4D2EBDA240000F25C3 /* Resources */,
			);
			buildRules = (
			);
			dependencies = (
			);
			fileSystemSynchronizedGroups = (
				43903B512EBDA240000F25C3 /* QuickNotes */,
			);
			name = QuickNotes;
			packageProductDependencies = (
			);
			productName = QuickNotes;
			productReference = 43903B4F2EBDA240000F25C3 /* QuickNotes.app */;
			productType = "com.apple.product-type.application";
		};
		43903B5F2EBDA242000F25C3 /* QuickNotesTests */ = {
			isa = PBXNativeTarget;
			buildConfigurationList = 43903B772EBDA242000F25C3 /* Build configuration list for PBXNativeTarget "QuickNotesTests" */;
			buildPhases = (
				43903B5C2EBDA242000F25C3 /* Sources */,
				43903B5D2EBDA242000F25C3 /* Frameworks */,
				43903B5E2EBDA242000F25C3 /* Resources */,
			);
			buildRules = (
			);
			dependencies = (
				43903B622EBDA242000F25C3 /* PBXTargetDependency */,
			);
			fileSystemSynchronizedGroups = (
				43903B632EBDA242000F25C3 /* QuickNotesTests */,
			);
			name = QuickNotesTests;
			packageProductDependencies = (
			);
			productName = QuickNotesTests;
			productReference = 43903B602EBDA242000F25C3 /* QuickNotesTests.xctest */;
			productType = "com.apple.product-type.bundle.unit-test";
		};
		43903B692EBDA242000F25C3 /* QuickNotesUITests */ = {
			isa = PBXNativeTarget;
			buildConfigurationList = 43903B7A2EBDA242000F25C3 /* Build configuration list for PBXNativeTarget "QuickNotesUITests" */;
			buildPhases = (
				43903B662EBDA242000F25C3 /* Sources */,
				43903B672EBDA242000F25C3 /* Frameworks */,
				43903B682EBDA242000F25C3 /* Resources */,
			);
			buildRules = (
			);
			dependencies = (
				43903B6C2EBDA242000F25C3 /* PBXTargetDependency */,
			);
			fileSystemSynchronizedGroups = (
				43903B6D2EBDA242000F25C3 /* QuickNotesUITests */,
			);
			name = QuickNotesUITests;
			packageProductDependencies = (
			);
			productName = QuickNotesUITests;
			productReference = 43903B6A2EBDA242000F25C3 /* QuickNotesUITests.xctest */;
			productType = "com.apple.product-type.bundle.ui-testing";
		};
/* End PBXNativeTarget section */

/* Begin PBXProject section */
		43903B472EBDA240000F25C3 /* Project object */ = {
			isa = PBXProject;
			attributes = {
				BuildIndependentTargetsInParallel = 1;
				LastSwiftUpdateCheck = 1600;
				LastUpgradeCheck = 1600;
				TargetAttributes = {
					43903B4E2EBDA240000F25C3 = {
						CreatedOnToolsVersion = 16.0;
					};
					43903B5F2EBDA242000F25C3 = {
						CreatedOnToolsVersion = 16.0;
						TestTargetID = 43903B4E2EBDA240000F25C3;
					};
					43903B692EBDA242000F25C3 = {
						CreatedOnToolsVersion = 16.0;
						TestTargetID = 43903B4E2EBDA240000F25C3;
					};
				};
			};
			buildConfigurationList = 43903B4A2EBDA240000F25C3 /* Build configuration list for PBXProject "QuickNotes" */;
			developmentRegion = en;
			hasScannedForEncodings = 0;
			knownRegions = (
				en,
				Base,
			);
			mainGroup = 43903B462EBDA240000F25C3;
			minimizedProjectReferenceProxies = 1;
			preferredProjectObjectVersion = 77;
			productRefGroup = 43903B502EBDA240000F25C3 /* Products */;
			projectDirPath = "";
			projectRoot = "";
			targets = (
				43903B4E2EBDA240000F25C3 /* QuickNotes */,
				43903B5F2EBDA242000F25C3 /* QuickNotesTests */,
				43903B692EBDA242000F25C3 /* QuickNotesUITests */,
			);
		};
/* End PBXProject section */

/* Begin PBXResourcesBuildPhase section */
		43903B4D2EBDA240000F25C3 /* Resources */ = {
			isa = PBXResourcesBuildPhase;
			buildActionMask = 2147483647;
			files = (
			);
			runOnlyForDeploymentPostprocessing = 0;
		};
		43903B5E2EBDA242000F25C3 /* Resources */ = {
			isa = PBXResourcesBuildPhase;
			buildActionMask = 2147483647;
			files = (
			);
			runOnlyForDeploymentPostprocessing = 0;
		};
		43903B682EBDA242000F25C3 /* Resources */ = {
			isa = PBXResourcesBuildPhase;
			buildActionMask = 2147483647;
			files = (
			);
			runOnlyForDeploymentPostprocessing = 0;
		};
/* End PBXResourcesBuildPhase section */

/* Begin PBXSourcesBuildPhase section */
		43903B4B2EBDA240000F25C3 /* Sources */ = {
			isa = PBXSourcesBuildPhase;
			buildActionMask = 2147483647;
			files = (
			);
			runOnlyForDeploymentPostprocessing = 0;
		};
		43903B5C2EBDA242000F25C3 /* Sources */ = {
			isa = PBXSourcesBuildPhase;
			buildActionMask = 2147483647;
			files = (
			);
			runOnlyForDeploymentPostprocessing = 0;
		};
		43903B662EBDA242000F25C3 /* Sources */ = {
			isa = PBXSourcesBuildPhase;
			buildActionMask = 2147483647;
			files = (
			);
			runOnlyForDeploymentPostprocessing = 0;
		};
/* End PBXSourcesBuildPhase section */

/* Begin PBXTargetDependency section */
		43903B622EBDA242000F25C3 /* PBXTargetDependency */ = {
			isa = PBXTargetDependency;
			target = 43903B4E2EBDA240000F25C3 /* QuickNotes */;
			targetProxy = 43903B612EBDA242000F25C3 /* PBXContainerItemProxy */;
		};
		43903B6C2EBDA242000F25C3 /* PBXTargetDependency */ = {
			isa = PBXTargetDependency;
			target = 43903B4E2EBDA240000F25C3 /* QuickNotes */;
			targetProxy = 43903B6B2EBDA242000F25C3 /* PBXContainerItemProxy */;
		};
/* End PBXTargetDependency section */

/* Begin XCBuildConfiguration section */
		43903B722EBDA242000F25C3 /* Debug */ = {
			isa = XCBuildConfiguration;
			buildSettings = {
				ALWAYS_SEARCH_USER_PATHS = NO;
				ASSETCATALOG_COMPILER_GENERATE_SWIFT_ASSET_SYMBOL_EXTENSIONS = YES;
				CLANG_ANALYZER_NONNULL = YES;
				CLANG_ANALYZER_NUMBER_OBJECT_CONVERSION = YES_AGGRESSIVE;
				CLANG_CXX_LANGUAGE_STANDARD = "gnu++20";
				CLANG_ENABLE_MODULES = YES;
				CLANG_ENABLE_OBJC_ARC = YES;
				CLANG_ENABLE_OBJC_WEAK = YES;
				CLANG_WARN_BLOCK_CAPTURE_AUTORELEASING = YES;
				CLANG_WARN_BOOL_CONVERSION = YES;
				CLANG_WARN_COMMA = YES;
				CLANG_WARN_CONSTANT_CONVERSION = YES;
				CLANG_WARN_DEPRECATED_OBJC_IMPLEMENTATIONS = YES;
				CLANG_WARN_DIRECT_OBJC_ISA_USAGE = YES_ERROR;
				CLANG_WARN_DOCUMENTATION_COMMENTS = YES;
				CLANG_WARN_EMPTY_BODY = YES;
				CLANG_WARN_ENUM_CONVERSION = YES;
				CLANG_WARN_INFINITE_RECURSION = YES;
				CLANG_WARN_INT_CONVERSION = YES;
				CLANG_WARN_NON_LITERAL_NULL_CONVERSION = YES;
				CLANG_WARN_OBJC_IMPLICIT_RETAIN_SELF = YES;
				CLANG_WARN_OBJC_LITERAL_CONVERSION = YES;
				CLANG_WARN_OBJC_ROOT_CLASS = YES_ERROR;
				CLANG_WARN_QUOTED_INCLUDE_IN_FRAMEWORK_HEADER = YES;
				CLANG_WARN_RANGE_LOOP_ANALYSIS = YES;
				CLANG_WARN_STRICT_PROTOTYPES = YES;
				CLANG_WARN_SUSPICIOUS_MOVE = YES;
				CLANG_WARN_UNGUARDED_AVAILABILITY = YES_AGGRESSIVE;
				CLANG_WARN_UNREACHABLE_CODE = YES;
				CLANG_WARN__DUPLICATE_METHOD_MATCH = YES;
				COPY_PHASE_STRIP = NO;
				DEBUG_INFORMATION_FORMAT = dwarf;
				ENABLE_STRICT_OBJC_MSGSEND = YES;
				ENABLE_TESTABILITY = YES;
				ENABLE_USER_SCRIPT_SANDBOXING = YES;
				GCC_C_LANGUAGE_STANDARD = gnu17;
				GCC_DYNAMIC_NO_PIC = NO;
				GCC_NO_COMMON_BLOCKS = YES;
				GCC_OPTIMIZATION_LEVEL = 0;
				GCC_PREPROCESSOR_DEFINITIONS = (
					"DEBUG=1",
					"$(inherited)",
				);
				GCC_WARN_64_TO_32_BIT_CONVERSION = YES;
				GCC_WARN_ABOUT_RETURN_TYPE = YES_ERROR;
				GCC_WARN_UNDECLARED_SELECTOR = YES;
				GCC_WARN_UNINITIALIZED_AUTOS = YES_AGGRESSIVE;
				GCC_WARN_UNUSED_FUNCTION = YES;
				GCC_WARN_UNUSED_VARIABLE = YES;
				LOCALIZATION_PREFERS_STRING_CATALOGS = YES;
				MACOSX_DEPLOYMENT_TARGET = 15.0;
				MTL_ENABLE_DEBUG_INFO = INCLUDE_SOURCE;
				MTL_FAST_MATH = YES;
				ONLY_ACTIVE_ARCH = YES;
				SDKROOT = macosx;
				SWIFT_ACTIVE_COMPILATION_CONDITIONS = "DEBUG $(inherited)";
				SWIFT_OPTIMIZATION_LEVEL = "-Onone";
			};
			name = Debug;
		};
		43903B732EBDA242000F25C3 /* Release */ = {
			isa = XCBuildConfiguration;
			buildSettings = {
				ALWAYS_SEARCH_USER_PATHS = NO;
				ASSETCATALOG_COMPILER_GENERATE_SWIFT_ASSET_SYMBOL_EXTENSIONS = YES;
				CLANG_ANALYZER_NONNULL = YES;
				CLANG_ANALYZER_NUMBER_OBJECT_CONVERSION = YES_AGGRESSIVE;
				CLANG_CXX_LANGUAGE_STANDARD = "gnu++20";
				CLANG_ENABLE_MODULES = YES;
				CLANG_ENABLE_OBJC_ARC = YES;
				CLANG_ENABLE_OBJC_WEAK = YES;
				CLANG_WARN_BLOCK_CAPTURE_AUTORELEASING = YES;
				CLANG_WARN_BOOL_CONVERSION = YES;
				CLANG_WARN_COMMA = YES;
				CLANG_WARN_CONSTANT_CONVERSION = YES;
				CLANG_WARN_DEPRECATED_OBJC_IMPLEMENTATIONS = YES;
				CLANG_WARN_DIRECT_OBJC_ISA_USAGE = YES_ERROR;
				CLANG_WARN_DOCUMENTATION_COMMENTS = YES;
				CLANG_WARN_EMPTY_BODY = YES;
				CLANG_WARN_ENUM_CONVERSION = YES;
				CLANG_WARN_INFINITE_RECURSION = YES;
				CLANG_WARN_INT_CONVERSION = YES;
				CLANG_WARN_NON_LITERAL_NULL_CONVERSION = YES;
				CLANG_WARN_OBJC_IMPLICIT_RETAIN_SELF = YES;
				CLANG_WARN_OBJC_LITERAL_CONVERSION = YES;
				CLANG_WARN_OBJC_ROOT_CLASS = YES_ERROR;
				CLANG_WARN_QUOTED_INCLUDE_IN_FRAMEWORK_HEADER = YES;
				CLANG_WARN_RANGE_LOOP_ANALYSIS = YES;
				CLANG_WARN_STRICT_PROTOTYPES = YES;
				CLANG_WARN_SUSPICIOUS_MOVE = YES;
				CLANG_WARN_UNGUARDED_AVAILABILITY = YES_AGGRESSIVE;
				CLANG_WARN_UNREACHABLE_CODE = YES;
				CLANG_WARN__DUPLICATE_METHOD_MATCH = YES;
				COPY_PHASE_STRIP = NO;
				DEBUG_INFORMATION_FORMAT = "dwarf-with-dsym";
				ENABLE_NS_ASSERTIONS = NO;
				ENABLE_STRICT_OBJC_MSGSEND = YES;
				ENABLE_USER_SCRIPT_SANDBOXING = YES;
				GCC_C_LANGUAGE_STANDARD = gnu17;
				GCC_NO_COMMON_BLOCKS = YES;
				GCC_WARN_64_TO_32_BIT_CONVERSION = YES;
				GCC_WARN_ABOUT_RETURN_TYPE = YES_ERROR;
				GCC_WARN_UNDECLARED_SELECTOR = YES;
				GCC_WARN_UNINITIALIZED_AUTOS = YES_AGGRESSIVE;
				GCC_WARN_UNUSED_FUNCTION = YES;
				GCC_WARN_UNUSED_VARIABLE = YES;
				LOCALIZATION_PREFERS_STRING_CATALOGS = YES;
				MACOSX_DEPLOYMENT_TARGET = 15.0;
				MTL_ENABLE_DEBUG_INFO = NO;
				MTL_FAST_MATH = YES;
				SDKROOT = macosx;
				SWIFT_COMPILATION_MODE = wholemodule;
			};
			name = Release;
		};
		43903B752EBDA242000F25C3 /* Debug */ = {
			isa = XCBuildConfiguration;
			buildSettings = {
				ASSETCATALOG_COMPILER_APPICON_NAME = AppIcon;
				ASSETCATALOG_COMPILER_GLOBAL_ACCENT_COLOR_NAME = AccentColor;
				CODE_SIGN_ENTITLEMENTS = QuickNotes/QuickNotes.entitlements;
				CODE_SIGN_STYLE = Automatic;
				COMBINE_HIDPI_IMAGES = YES;
				CURRENT_PROJECT_VERSION = 1;
				DEVELOPMENT_ASSET_PATHS = "\"QuickNotes/Preview Content\"";
				DEVELOPMENT_TEAM = P2U29RGRY6;
				ENABLE_HARDENED_RUNTIME = YES;
				ENABLE_PREVIEWS = YES;
				GENERATE_INFOPLIST_FILE = YES;
				INFOPLIST_KEY_NSHumanReadableCopyright = "";
				LD_RUNPATH_SEARCH_PATHS = (
					"$(inherited)",
					"@executable_path/../Frameworks",
				);
				MARKETING_VERSION = 1.0;
				PRODUCT_BUNDLE_IDENTIFIER = com.mangoegg.QuickNotes;
				PRODUCT_NAME = "$(TARGET_NAME)";
				SWIFT_EMIT_LOC_STRINGS = YES;
				SWIFT_VERSION = 5.0;
			};
			name = Debug;
		};
		43903B762EBDA242000F25C3 /* Release */ = {
			isa = XCBuildConfiguration;
			buildSettings = {
				ASSETCATALOG_COMPILER_APPICON_NAME = AppIcon;
				ASSETCATALOG_COMPILER_GLOBAL_ACCENT_COLOR_NAME = AccentColor;
				CODE_SIGN_ENTITLEMENTS = QuickNotes/QuickNotes.entitlements;
				CODE_SIGN_STYLE = Automatic;
				COMBINE_HIDPI_IMAGES = YES;
				CURRENT_PROJECT_VERSION = 1;
				DEVELOPMENT_ASSET_PATHS = "\"QuickNotes/Preview Content\"";
				DEVELOPMENT_TEAM = P2U29RGRY6;
				ENABLE_HARDENED_RUNTIME = YES;
				ENABLE_PREVIEWS = YES;
				GENERATE_INFOPLIST_FILE = YES;
				INFOPLIST_KEY_NSHumanReadableCopyright = "";
				LD_RUNPATH_SEARCH_PATHS = (
					"$(inherited)",
					"@executable_path/../Frameworks",
				);
				MARKETING_VERSION = 1.0;
				PRODUCT_BUNDLE_IDENTIFIER = com.mangoegg.QuickNotes;
				PRODUCT_NAME = "$(TARGET_NAME)";
				SWIFT_EMIT_LOC_STRINGS = YES;
				SWIFT_VERSION = 5.0;
			};
			name = Release;
		};
		43903B782EBDA242000F25C3 /* Debug */ = {
			isa = XCBuildConfiguration;
			buildSettings = {
				BUNDLE_LOADER = "$(TEST_HOST)";
				CODE_SIGN_STYLE = Automatic;
				CURRENT_PROJECT_VERSION = 1;
				DEVELOPMENT_TEAM = P2U29RGRY6;
				GENERATE_INFOPLIST_FILE = YES;
				MACOSX_DEPLOYMENT_TARGET = 15.0;
				MARKETING_VERSION = 1.0;
				PRODUCT_BUNDLE_IDENTIFIER = com.mangoegg.QuickNotesTests;
				PRODUCT_NAME = "$(TARGET_NAME)";
				SWIFT_EMIT_LOC_STRINGS = NO;
				SWIFT_VERSION = 5.0;
				TEST_HOST = "$(BUILT_PRODUCTS_DIR)/QuickNotes.app/$(BUNDLE_EXECUTABLE_FOLDER_PATH)/QuickNotes";
			};
			name = Debug;
		};
		43903B792EBDA242000F25C3 /* Release */ = {
			isa = XCBuildConfiguration;
			buildSettings = {
				BUNDLE_LOADER = "$(TEST_HOST)";
				CODE_SIGN_STYLE = Automatic;
				CURRENT_PROJECT_VERSION = 1;
				DEVELOPMENT_TEAM = P2U29RGRY6;
				GENERATE_INFOPLIST_FILE = YES;
				MACOSX_DEPLOYMENT_TARGET = 15.0;
				MARKETING_VERSION = 1.0;
				PRODUCT_BUNDLE_IDENTIFIER = com.mangoegg.QuickNotesTests;
				PRODUCT_NAME = "$(TARGET_NAME)";
				SWIFT_EMIT_LOC_STRINGS = NO;
				SWIFT_VERSION = 5.0;
				TEST_HOST = "$(BUILT_PRODUCTS_DIR)/QuickNotes.app/$(BUNDLE_EXECUTABLE_FOLDER_PATH)/QuickNotes";
			};
			name = Release;
		};
		43903B7B2EBDA242000F25C3 /* Debug */ = {
			isa = XCBuildConfiguration;
			buildSettings = {
				CODE_SIGN_STYLE = Automatic;
				CURRENT_PROJECT_VERSION = 1;
				DEVELOPMENT_TEAM = P2U29RGRY6;
				GENERATE_INFOPLIST_FILE = YES;
				MARKETING_VERSION = 1.0;
				PRODUCT_BUNDLE_IDENTIFIER = com.mangoegg.QuickNotesUITests;
				PRODUCT_NAME = "$(TARGET_NAME)";
				SWIFT_EMIT_LOC_STRINGS = NO;
				SWIFT_VERSION = 5.0;
				TEST_TARGET_NAME = QuickNotes;
			};
			name = Debug;
		};
		43903B7C2EBDA242000F25C3 /* Release */ = {
			isa = XCBuildConfiguration;
			buildSettings = {
				CODE_SIGN_STYLE = Automatic;
				CURRENT_PROJECT_VERSION = 1;
				DEVELOPMENT_TEAM = P2U29RGRY6;
				GENERATE_INFOPLIST_FILE = YES;
				MARKETING_VERSION = 1.0;
				PRODUCT_BUNDLE_IDENTIFIER = com.mangoegg.QuickNotesUITests;
				PRODUCT_NAME = "$(TARGET_NAME)";
				SWIFT_EMIT_LOC_STRINGS = NO;
				SWIFT_VERSION = 5.0;
				TEST_TARGET_NAME = QuickNotes;
			};
			name = Release;
		};
/* End XCBuildConfiguration section */

/* Begin XCConfigurationList section */
		43903B4A2EBDA240000F25C3 /* Build configuration list for PBXProject "QuickNotes" */ = {
			isa = XCConfigurationList;
			buildConfigurations = (
				43903B722EBDA242000F25C3 /* Debug */,
				43903B732EBDA242000F25C3 /* Release */,
			);
			defaultConfigurationIsVisible = 0;
			defaultConfigurationName = Release;
		};
		43903B742EBDA242000F25C3 /* Build configuration list for PBXNativeTarget "QuickNotes" */ = {
			isa = XCConfigurationList;
			buildConfigurations = (
				43903B752EBDA242000F25C3 /* Debug */,
				43903B762EBDA242000F25C3 /* Release */,
			);
			defaultConfigurationIsVisible = 0;
			defaultConfigurationName = Release;
		};
		43903B772EBDA242000F25C3 /* Build configuration list for PBXNativeTarget "QuickNotesTests" */ = {
			isa = XCConfigurationList;
			buildConfigurations = (
				43903B782EBDA242000F25C3 /* Debug */,
				43903B792EBDA242000F25C3 /* Release */,
			);
			defaultConfigurationIsVisible = 0;
			defaultConfigurationName = Release;
		};
		43903B7A2EBDA242000F25C3 /* Build configuration list for PBXNativeTarget "QuickNotesUITests" */ = {
			isa = XCConfigurationList;
			buildConfigurations = (
				43903B7B2EBDA242000F25C3 /* Debug */,
				43903B7C2EBDA242000F25C3 /* Release */,
			);
			defaultConfigurationIsVisible = 0;
			defaultConfigurationName = Release;
		};
/* End XCConfigurationList section */
	};
	rootObject = 43903B472EBDA240000F25C3 /* Project object */;
}
